// !$*UTF8*$!
{
	archiveVersion = 1;
	classes = {
	};
	objectVersion = 46;
	objects = {

/* Begin PBXBuildFile section */
		512AF0291A62F8AC00A2DD41 /* Device.swift in Sources */ = {isa = PBXBuildFile; fileRef = 512AF0281A62F8AC00A2DD41 /* Device.swift */; };
		512AF02D1A6316EB00A2DD41 /* BTLE.swift in Sources */ = {isa = PBXBuildFile; fileRef = 512AF02C1A6316EB00A2DD41 /* BTLE.swift */; };
		515DA2A31A59C735007668B0 /* AppDelegate.swift in Sources */ = {isa = PBXBuildFile; fileRef = 515DA2A21A59C735007668B0 /* AppDelegate.swift */; };
		515DA2A51A59C735007668B0 /* ViewController.swift in Sources */ = {isa = PBXBuildFile; fileRef = 515DA2A41A59C735007668B0 /* ViewController.swift */; };
		515DA2A81A59C735007668B0 /* Bluetooth.xcdatamodeld in Sources */ = {isa = PBXBuildFile; fileRef = 515DA2A61A59C735007668B0 /* Bluetooth.xcdatamodeld */; };
		515DA2AA1A59C735007668B0 /* Images.xcassets in Resources */ = {isa = PBXBuildFile; fileRef = 515DA2A91A59C735007668B0 /* Images.xcassets */; };
		515DA2AD1A59C735007668B0 /* Main.storyboard in Resources */ = {isa = PBXBuildFile; fileRef = 515DA2AB1A59C735007668B0 /* Main.storyboard */; };
		515DA2B91A59C735007668B0 /* BluetoothTests.swift in Sources */ = {isa = PBXBuildFile; fileRef = 515DA2B81A59C735007668B0 /* BluetoothTests.swift */; };
		515DA2C61A59C884007668B0 /* IOBluetooth.framework in Frameworks */ = {isa = PBXBuildFile; fileRef = 515DA2C51A59C884007668B0 /* IOBluetooth.framework */; };
		515DA2C81A59CD4D007668B0 /* Foundation.framework in Frameworks */ = {isa = PBXBuildFile; fileRef = 515DA2C71A59CD4D007668B0 /* Foundation.framework */; };
		515DA2CA1A59D8E8007668B0 /* CoreBluetooth.framework in Frameworks */ = {isa = PBXBuildFile; fileRef = 515DA2C91A59D8E8007668B0 /* CoreBluetooth.framework */; };
/* End PBXBuildFile section */

/* Begin PBXContainerItemProxy section */
		515DA2B31A59C735007668B0 /* PBXContainerItemProxy */ = {
			isa = PBXContainerItemProxy;
			containerPortal = 515DA2951A59C735007668B0 /* Project object */;
			proxyType = 1;
			remoteGlobalIDString = 515DA29C1A59C735007668B0;
			remoteInfo = Bluetooth;
		};
/* End PBXContainerItemProxy section */

/* Begin PBXFileReference section */
		512AF0281A62F8AC00A2DD41 /* Device.swift */ = {isa = PBXFileReference; fileEncoding = 4; lastKnownFileType = sourcecode.swift; path = Device.swift; sourceTree = "<group>"; };
		512AF02C1A6316EB00A2DD41 /* BTLE.swift */ = {isa = PBXFileReference; fileEncoding = 4; lastKnownFileType = sourcecode.swift; path = BTLE.swift; sourceTree = "<group>"; };
		515DA29D1A59C735007668B0 /* Bluetooth.app */ = {isa = PBXFileReference; explicitFileType = wrapper.application; includeInIndex = 0; path = Bluetooth.app; sourceTree = BUILT_PRODUCTS_DIR; };
		515DA2A11A59C735007668B0 /* Info.plist */ = {isa = PBXFileReference; lastKnownFileType = text.plist.xml; path = Info.plist; sourceTree = "<group>"; };
		515DA2A21A59C735007668B0 /* AppDelegate.swift */ = {isa = PBXFileReference; lastKnownFileType = sourcecode.swift; path = AppDelegate.swift; sourceTree = "<group>"; };
		515DA2A41A59C735007668B0 /* ViewController.swift */ = {isa = PBXFileReference; lastKnownFileType = sourcecode.swift; path = ViewController.swift; sourceTree = "<group>"; };
		515DA2A71A59C735007668B0 /* Bluetooth.xcdatamodel */ = {isa = PBXFileReference; lastKnownFileType = wrapper.xcdatamodel; path = Bluetooth.xcdatamodel; sourceTree = "<group>"; };
		515DA2A91A59C735007668B0 /* Images.xcassets */ = {isa = PBXFileReference; lastKnownFileType = folder.assetcatalog; path = Images.xcassets; sourceTree = "<group>"; };
		515DA2AC1A59C735007668B0 /* Base */ = {isa = PBXFileReference; lastKnownFileType = file.storyboard; name = Base; path = Base.lproj/Main.storyboard; sourceTree = "<group>"; };
		515DA2B21A59C735007668B0 /* BluetoothTests.xctest */ = {isa = PBXFileReference; explicitFileType = wrapper.cfbundle; includeInIndex = 0; path = BluetoothTests.xctest; sourceTree = BUILT_PRODUCTS_DIR; };
		515DA2B71A59C735007668B0 /* Info.plist */ = {isa = PBXFileReference; lastKnownFileType = text.plist.xml; path = Info.plist; sourceTree = "<group>"; };
		515DA2B81A59C735007668B0 /* BluetoothTests.swift */ = {isa = PBXFileReference; lastKnownFileType = sourcecode.swift; path = BluetoothTests.swift; sourceTree = "<group>"; };
		515DA2C51A59C884007668B0 /* IOBluetooth.framework */ = {isa = PBXFileReference; lastKnownFileType = wrapper.framework; name = IOBluetooth.framework; path = System/Library/Frameworks/IOBluetooth.framework; sourceTree = SDKROOT; };
		515DA2C71A59CD4D007668B0 /* Foundation.framework */ = {isa = PBXFileReference; lastKnownFileType = wrapper.framework; name = Foundation.framework; path = System/Library/Frameworks/Foundation.framework; sourceTree = SDKROOT; };
		515DA2C91A59D8E8007668B0 /* CoreBluetooth.framework */ = {isa = PBXFileReference; lastKnownFileType = wrapper.framework; name = CoreBluetooth.framework; path = System/Library/Frameworks/CoreBluetooth.framework; sourceTree = SDKROOT; };
/* End PBXFileReference section */

/* Begin PBXFrameworksBuildPhase section */
		515DA29A1A59C735007668B0 /* Frameworks */ = {
			isa = PBXFrameworksBuildPhase;
			buildActionMask = 2147483647;
			files = (
				515DA2CA1A59D8E8007668B0 /* CoreBluetooth.framework in Frameworks */,
				515DA2C81A59CD4D007668B0 /* Foundation.framework in Frameworks */,
				515DA2C61A59C884007668B0 /* IOBluetooth.framework in Frameworks */,
			);
			runOnlyForDeploymentPostprocessing = 0;
		};
		515DA2AF1A59C735007668B0 /* Frameworks */ = {
			isa = PBXFrameworksBuildPhase;
			buildActionMask = 2147483647;
			files = (
			);
			runOnlyForDeploymentPostprocessing = 0;
		};
/* End PBXFrameworksBuildPhase section */

/* Begin PBXGroup section */
		515DA2941A59C735007668B0 = {
			isa = PBXGroup;
			children = (
				515DA29F1A59C735007668B0 /* Bluetooth */,
				515DA2B51A59C735007668B0 /* BluetoothTests */,
				515DA29E1A59C735007668B0 /* Products */,
				515DA2C41A59C84C007668B0 /* Frameworks */,
			);
			sourceTree = "<group>";
		};
		515DA29E1A59C735007668B0 /* Products */ = {
			isa = PBXGroup;
			children = (
				515DA29D1A59C735007668B0 /* Bluetooth.app */,
				515DA2B21A59C735007668B0 /* BluetoothTests.xctest */,
			);
			name = Products;
			sourceTree = "<group>";
		};
		515DA29F1A59C735007668B0 /* Bluetooth */ = {
			isa = PBXGroup;
			children = (
				515DA2A21A59C735007668B0 /* AppDelegate.swift */,
				515DA2A41A59C735007668B0 /* ViewController.swift */,
				512AF02C1A6316EB00A2DD41 /* BTLE.swift */,
				512AF0281A62F8AC00A2DD41 /* Device.swift */,
				515DA2A91A59C735007668B0 /* Images.xcassets */,
				515DA2AB1A59C735007668B0 /* Main.storyboard */,
				515DA2A61A59C735007668B0 /* Bluetooth.xcdatamodeld */,
				515DA2A01A59C735007668B0 /* Supporting Files */,
			);
			path = Bluetooth;
			sourceTree = "<group>";
		};
		515DA2A01A59C735007668B0 /* Supporting Files */ = {
			isa = PBXGroup;
			children = (
				515DA2A11A59C735007668B0 /* Info.plist */,
			);
			name = "Supporting Files";
			sourceTree = "<group>";
		};
		515DA2B51A59C735007668B0 /* BluetoothTests */ = {
			isa = PBXGroup;
			children = (
				515DA2B81A59C735007668B0 /* BluetoothTests.swift */,
				515DA2B61A59C735007668B0 /* Supporting Files */,
			);
			path = BluetoothTests;
			sourceTree = "<group>";
		};
		515DA2B61A59C735007668B0 /* Supporting Files */ = {
			isa = PBXGroup;
			children = (
				515DA2B71A59C735007668B0 /* Info.plist */,
			);
			name = "Supporting Files";
			sourceTree = "<group>";
		};
		515DA2C41A59C84C007668B0 /* Frameworks */ = {
			isa = PBXGroup;
			children = (
				515DA2C91A59D8E8007668B0 /* CoreBluetooth.framework */,
				515DA2C71A59CD4D007668B0 /* Foundation.framework */,
				515DA2C51A59C884007668B0 /* IOBluetooth.framework */,
			);
			name = Frameworks;
			sourceTree = "<group>";
		};
/* End PBXGroup section */

/* Begin PBXNativeTarget section */
		515DA29C1A59C735007668B0 /* Bluetooth */ = {
			isa = PBXNativeTarget;
			buildConfigurationList = 515DA2BC1A59C735007668B0 /* Build configuration list for PBXNativeTarget "Bluetooth" */;
			buildPhases = (
				515DA2991A59C735007668B0 /* Sources */,
				515DA29A1A59C735007668B0 /* Frameworks */,
				515DA29B1A59C735007668B0 /* Resources */,
			);
			buildRules = (
			);
			dependencies = (
			);
			name = Bluetooth;
			productName = Bluetooth;
			productReference = 515DA29D1A59C735007668B0 /* Bluetooth.app */;
			productType = "com.apple.product-type.application";
		};
		515DA2B11A59C735007668B0 /* BluetoothTests */ = {
			isa = PBXNativeTarget;
			buildConfigurationList = 515DA2BF1A59C735007668B0 /* Build configuration list for PBXNativeTarget "BluetoothTests" */;
			buildPhases = (
				515DA2AE1A59C735007668B0 /* Sources */,
				515DA2AF1A59C735007668B0 /* Frameworks */,
				515DA2B01A59C735007668B0 /* Resources */,
			);
			buildRules = (
			);
			dependencies = (
				515DA2B41A59C735007668B0 /* PBXTargetDependency */,
			);
			name = BluetoothTests;
			productName = BluetoothTests;
			productReference = 515DA2B21A59C735007668B0 /* BluetoothTests.xctest */;
			productType = "com.apple.product-type.bundle.unit-test";
		};
/* End PBXNativeTarget section */

/* Begin PBXProject section */
		515DA2951A59C735007668B0 /* Project object */ = {
			isa = PBXProject;
			attributes = {
				LastUpgradeCheck = 0610;
				ORGANIZATIONNAME = "Phil LaPier";
				TargetAttributes = {
					515DA29C1A59C735007668B0 = {
						CreatedOnToolsVersion = 6.1.1;
					};
					515DA2B11A59C735007668B0 = {
						CreatedOnToolsVersion = 6.1.1;
						TestTargetID = 515DA29C1A59C735007668B0;
					};
				};
			};
			buildConfigurationList = 515DA2981A59C735007668B0 /* Build configuration list for PBXProject "Bluetooth" */;
			compatibilityVersion = "Xcode 3.2";
			developmentRegion = English;
			hasScannedForEncodings = 0;
			knownRegions = (
				en,
				Base,
			);
			mainGroup = 515DA2941A59C735007668B0;
			productRefGroup = 515DA29E1A59C735007668B0 /* Products */;
			projectDirPath = "";
			projectRoot = "";
			targets = (
				515DA29C1A59C735007668B0 /* Bluetooth */,
				515DA2B11A59C735007668B0 /* BluetoothTests */,
			);
		};
/* End PBXProject section */

/* Begin PBXResourcesBuildPhase section */
		515DA29B1A59C735007668B0 /* Resources */ = {
			isa = PBXResourcesBuildPhase;
			buildActionMask = 2147483647;
			files = (
				515DA2AA1A59C735007668B0 /* Images.xcassets in Resources */,
				515DA2AD1A59C735007668B0 /* Main.storyboard in Resources */,
			);
			runOnlyForDeploymentPostprocessing = 0;
		};
		515DA2B01A59C735007668B0 /* Resources */ = {
			isa = PBXResourcesBuildPhase;
			buildActionMask = 2147483647;
			files = (
			);
			runOnlyForDeploymentPostprocessing = 0;
		};
/* End PBXResourcesBuildPhase section */

/* Begin PBXSourcesBuildPhase section */
		515DA2991A59C735007668B0 /* Sources */ = {
			isa = PBXSourcesBuildPhase;
			buildActionMask = 2147483647;
			files = (
				515DA2A51A59C735007668B0 /* ViewController.swift in Sources */,
				515DA2A81A59C735007668B0 /* Bluetooth.xcdatamodeld in Sources */,
				512AF02D1A6316EB00A2DD41 /* BTLE.swift in Sources */,
				515DA2A31A59C735007668B0 /* AppDelegate.swift in Sources */,
				512AF0291A62F8AC00A2DD41 /* Device.swift in Sources */,
			);
			runOnlyForDeploymentPostprocessing = 0;
		};
		515DA2AE1A59C735007668B0 /* Sources */ = {
			isa = PBXSourcesBuildPhase;
			buildActionMask = 2147483647;
			files = (
				515DA2B91A59C735007668B0 /* BluetoothTests.swift in Sources */,
			);
			runOnlyForDeploymentPostprocessing = 0;
		};
/* End PBXSourcesBuildPhase section */

/* Begin PBXTargetDependency section */
		515DA2B41A59C735007668B0 /* PBXTargetDependency */ = {
			isa = PBXTargetDependency;
			target = 515DA29C1A59C735007668B0 /* Bluetooth */;
			targetProxy = 515DA2B31A59C735007668B0 /* PBXContainerItemProxy */;
		};
/* End PBXTargetDependency section */

/* Begin PBXVariantGroup section */
		515DA2AB1A59C735007668B0 /* Main.storyboard */ = {
			isa = PBXVariantGroup;
			children = (
				515DA2AC1A59C735007668B0 /* Base */,
			);
			name = Main.storyboard;
			sourceTree = "<group>";
		};
/* End PBXVariantGroup section */

/* Begin XCBuildConfiguration section */
		515DA2BA1A59C735007668B0 /* Debug */ = {
			isa = XCBuildConfiguration;
			buildSettings = {
				ALWAYS_SEARCH_USER_PATHS = NO;
				CLANG_CXX_LANGUAGE_STANDARD = "gnu++0x";
				CLANG_CXX_LIBRARY = "libc++";
				CLANG_ENABLE_MODULES = YES;
				CLANG_ENABLE_OBJC_ARC = YES;
				CLANG_WARN_BOOL_CONVERSION = YES;
				CLANG_WARN_CONSTANT_CONVERSION = YES;
				CLANG_WARN_DIRECT_OBJC_ISA_USAGE = YES_ERROR;
				CLANG_WARN_EMPTY_BODY = YES;
				CLANG_WARN_ENUM_CONVERSION = YES;
				CLANG_WARN_INT_CONVERSION = YES;
				CLANG_WARN_OBJC_ROOT_CLASS = YES_ERROR;
				CLANG_WARN_UNREACHABLE_CODE = YES;
				CLANG_WARN__DUPLICATE_METHOD_MATCH = YES;
				CODE_SIGN_IDENTITY = "-";
				COPY_PHASE_STRIP = NO;
				ENABLE_STRICT_OBJC_MSGSEND = YES;
				GCC_C_LANGUAGE_STANDARD = gnu99;
				GCC_DYNAMIC_NO_PIC = NO;
				GCC_OPTIMIZATION_LEVEL = 0;
				GCC_PREPROCESSOR_DEFINITIONS = (
					"DEBUG=1",
					"$(inherited)",
				);
				GCC_SYMBOLS_PRIVATE_EXTERN = NO;
				GCC_WARN_64_TO_32_BIT_CONVERSION = YES;
				GCC_WARN_ABOUT_RETURN_TYPE = YES_ERROR;
				GCC_WARN_UNDECLARED_SELECTOR = YES;
				GCC_WARN_UNINITIALIZED_AUTOS = YES_AGGRESSIVE;
				GCC_WARN_UNUSED_FUNCTION = YES;
				GCC_WARN_UNUSED_VARIABLE = YES;
				MACOSX_DEPLOYMENT_TARGET = 10.10;
				MTL_ENABLE_DEBUG_INFO = YES;
				ONLY_ACTIVE_ARCH = YES;
				SDKROOT = macosx;
				SWIFT_OPTIMIZATION_LEVEL = "-Onone";
			};
			name = Debug;
		};
		515DA2BB1A59C735007668B0 /* Release */ = {
			isa = XCBuildConfiguration;
			buildSettings = {
				ALWAYS_SEARCH_USER_PATHS = NO;
				CLANG_CXX_LANGUAGE_STANDARD = "gnu++0x";
				CLANG_CXX_LIBRARY = "libc++";
				CLANG_ENABLE_MODULES = YES;
				CLANG_ENABLE_OBJC_ARC = YES;
				CLANG_WARN_BOOL_CONVERSION = YES;
				CLANG_WARN_CONSTANT_CONVERSION = YES;
				CLANG_WARN_DIRECT_OBJC_ISA_USAGE = YES_ERROR;
				CLANG_WARN_EMPTY_BODY = YES;
				CLANG_WARN_ENUM_CONVERSION = YES;
				CLANG_WARN_INT_CONVERSION = YES;
				CLANG_WARN_OBJC_ROOT_CLASS = YES_ERROR;
				CLANG_WARN_UNREACHABLE_CODE = YES;
				CLANG_WARN__DUPLICATE_METHOD_MATCH = YES;
				CODE_SIGN_IDENTITY = "-";
				COPY_PHASE_STRIP = YES;
				DEBUG_INFORMATION_FORMAT = "dwarf-with-dsym";
				ENABLE_NS_ASSERTIONS = NO;
				ENABLE_STRICT_OBJC_MSGSEND = YES;
				GCC_C_LANGUAGE_STANDARD = gnu99;
				GCC_WARN_64_TO_32_BIT_CONVERSION = YES;
				GCC_WARN_ABOUT_RETURN_TYPE = YES_ERROR;
				GCC_WARN_UNDECLARED_SELECTOR = YES;
				GCC_WARN_UNINITIALIZED_AUTOS = YES_AGGRESSIVE;
				GCC_WARN_UNUSED_FUNCTION = YES;
				GCC_WARN_UNUSED_VARIABLE = YES;
				MACOSX_DEPLOYMENT_TARGET = 10.10;
				MTL_ENABLE_DEBUG_INFO = NO;
				SDKROOT = macosx;
			};
			name = Release;
		};
		515DA2BD1A59C735007668B0 /* Debug */ = {
			isa = XCBuildConfiguration;
			buildSettings = {
				ASSETCATALOG_COMPILER_APPICON_NAME = AppIcon;
				COMBINE_HIDPI_IMAGES = YES;
				INFOPLIST_FILE = Bluetooth/Info.plist;
				LD_RUNPATH_SEARCH_PATHS = "$(inherited) @executable_path/../Frameworks";
				PRODUCT_NAME = "$(TARGET_NAME)";
			};
			name = Debug;
		};
		515DA2BE1A59C735007668B0 /* Release */ = {
			isa = XCBuildConfiguration;
			buildSettings = {
				ASSETCATALOG_COMPILER_APPICON_NAME = AppIcon;
				COMBINE_HIDPI_IMAGES = YES;
				INFOPLIST_FILE = Bluetooth/Info.plist;
				LD_RUNPATH_SEARCH_PATHS = "$(inherited) @executable_path/../Frameworks";
				PRODUCT_NAME = "$(TARGET_NAME)";
			};
			name = Release;
		};
		515DA2C01A59C735007668B0 /* Debug */ = {
			isa = XCBuildConfiguration;
			buildSettings = {
				BUNDLE_LOADER = "$(TEST_HOST)";
				COMBINE_HIDPI_IMAGES = YES;
				FRAMEWORK_SEARCH_PATHS = (
					"$(DEVELOPER_FRAMEWORKS_DIR)",
					"$(inherited)",
				);
				GCC_PREPROCESSOR_DEFINITIONS = (
					"DEBUG=1",
					"$(inherited)",
				);
				INFOPLIST_FILE = BluetoothTests/Info.plist;
				LD_RUNPATH_SEARCH_PATHS = "$(inherited) @executable_path/../Frameworks @loader_path/../Frameworks";
				PRODUCT_NAME = "$(TARGET_NAME)";
				TEST_HOST = "$(BUILT_PRODUCTS_DIR)/Bluetooth.app/Contents/MacOS/Bluetooth";
			};
			name = Debug;
		};
		515DA2C11A59C735007668B0 /* Release */ = {
			isa = XCBuildConfiguration;
			buildSettings = {
				BUNDLE_LOADER = "$(TEST_HOST)";
				COMBINE_HIDPI_IMAGES = YES;
				FRAMEWORK_SEARCH_PATHS = (
					"$(DEVELOPER_FRAMEWORKS_DIR)",
					"$(inherited)",
				);
				INFOPLIST_FILE = BluetoothTests/Info.plist;
				LD_RUNPATH_SEARCH_PATHS = "$(inherited) @executable_path/../Frameworks @loader_path/../Frameworks";
				PRODUCT_NAME = "$(TARGET_NAME)";
				TEST_HOST = "$(BUILT_PRODUCTS_DIR)/Bluetooth.app/Contents/MacOS/Bluetooth";
			};
			name = Release;
		};
/* End XCBuildConfiguration section */

/* Begin XCConfigurationList section */
		515DA2981A59C735007668B0 /* Build configuration list for PBXProject "Bluetooth" */ = {
			isa = XCConfigurationList;
			buildConfigurations = (
				515DA2BA1A59C735007668B0 /* Debug */,
				515DA2BB1A59C735007668B0 /* Release */,
			);
			defaultConfigurationIsVisible = 0;
			defaultConfigurationName = Release;
		};
		515DA2BC1A59C735007668B0 /* Build configuration list for PBXNativeTarget "Bluetooth" */ = {
			isa = XCConfigurationList;
			buildConfigurations = (
				515DA2BD1A59C735007668B0 /* Debug */,
				515DA2BE1A59C735007668B0 /* Release */,
			);
			defaultConfigurationIsVisible = 0;
			defaultConfigurationName = Release;
		};
		515DA2BF1A59C735007668B0 /* Build configuration list for PBXNativeTarget "BluetoothTests" */ = {
			isa = XCConfigurationList;
			buildConfigurations = (
				515DA2C01A59C735007668B0 /* Debug */,
				515DA2C11A59C735007668B0 /* Release */,
			);
			defaultConfigurationIsVisible = 0;
			defaultConfigurationName = Release;
		};
/* End XCConfigurationList section */

/* Begin XCVersionGroup section */
		515DA2A61A59C735007668B0 /* Bluetooth.xcdatamodeld */ = {
			isa = XCVersionGroup;
			children = (
				515DA2A71A59C735007668B0 /* Bluetooth.xcdatamodel */,
			);
			currentVersion = 515DA2A71A59C735007668B0 /* Bluetooth.xcdatamodel */;
			path = Bluetooth.xcdatamodeld;
			sourceTree = "<group>";
			versionGroupType = wrapper.xcdatamodel;
		};
/* End XCVersionGroup section */
	};
	rootObject = 515DA2951A59C735007668B0 /* Project object */;
}
